// !$*UTF8*$!
{
	archiveVersion = 1;
	classes = {
	};
	objectVersion = 46;
	objects = {

/* Begin PBXBuildFile section */
		89B67CEC1B142FE0002D98B1 /* CAAnimation+CoreRefresh.m in Sources */ = {isa = PBXBuildFile; fileRef = 89B67CD61B142FE0002D98B1 /* CAAnimation+CoreRefresh.m */; };
		89B67CED1B142FE0002D98B1 /* CoreFooterView.m in Sources */ = {isa = PBXBuildFile; fileRef = 89B67CD81B142FE0002D98B1 /* CoreFooterView.m */; };
		89B67CEE1B142FE0002D98B1 /* CoreFooterView.xib in Resources */ = {isa = PBXBuildFile; fileRef = 89B67CD91B142FE0002D98B1 /* CoreFooterView.xib */; };
		89B67CEF1B142FE0002D98B1 /* CoreHeaderShowView.m in Sources */ = {isa = PBXBuildFile; fileRef = 89B67CDB1B142FE0002D98B1 /* CoreHeaderShowView.m */; };
		89B67CF01B142FE0002D98B1 /* CoreHeaderShowView.xib in Resources */ = {isa = PBXBuildFile; fileRef = 89B67CDC1B142FE0002D98B1 /* CoreHeaderShowView.xib */; };
		89B67CF11B142FE0002D98B1 /* CoreHeaderView.m in Sources */ = {isa = PBXBuildFile; fileRef = 89B67CDE1B142FE0002D98B1 /* CoreHeaderView.m */; };
		89B67CF21B142FE0002D98B1 /* CoreHeaderView.xib in Resources */ = {isa = PBXBuildFile; fileRef = 89B67CDF1B142FE0002D98B1 /* CoreHeaderView.xib */; };
		89B67CF31B142FE0002D98B1 /* CoreRefreshConst.m in Sources */ = {isa = PBXBuildFile; fileRef = 89B67CE11B142FE0002D98B1 /* CoreRefreshConst.m */; };
		89B67CF41B142FE0002D98B1 /* CoreRefreshResource.bundle in Resources */ = {isa = PBXBuildFile; fileRef = 89B67CE31B142FE0002D98B1 /* CoreRefreshResource.bundle */; };
		89B67CF51B142FE0002D98B1 /* CoreRefreshView.m in Sources */ = {isa = PBXBuildFile; fileRef = 89B67CE51B142FE0002D98B1 /* CoreRefreshView.m */; };
		89B67CF61B142FE0002D98B1 /* UIScrollView+MJExtension.m in Sources */ = {isa = PBXBuildFile; fileRef = 89B67CE71B142FE0002D98B1 /* UIScrollView+MJExtension.m */; };
		89B67CF71B142FE0002D98B1 /* UIScrollView+Refresh.m in Sources */ = {isa = PBXBuildFile; fileRef = 89B67CE91B142FE0002D98B1 /* UIScrollView+Refresh.m */; };
		89B67CF81B142FE0002D98B1 /* UIView+MJExtension.m in Sources */ = {isa = PBXBuildFile; fileRef = 89B67CEB1B142FE0002D98B1 /* UIView+MJExtension.m */; };
		89B67E3A1B144B3E002D98B1 /* CoreListVC.m in Sources */ = {isa = PBXBuildFile; fileRef = 89B67E231B144B3E002D98B1 /* CoreListVC.m */; };
		89B67E3B1B144B3E002D98B1 /* CoreListCommonModel.m in Sources */ = {isa = PBXBuildFile; fileRef = 89B67E261B144B3E002D98B1 /* CoreListCommonModel.m */; };
		89B67E3C1B144B3E002D98B1 /* LTConfigModel.m in Sources */ = {isa = PBXBuildFile; fileRef = 89B67E281B144B3E002D98B1 /* LTConfigModel.m */; };
		89B67E3D1B144B3E002D98B1 /* CoreList.bundle in Resources */ = {isa = PBXBuildFile; fileRef = 89B67E2A1B144B3E002D98B1 /* CoreList.bundle */; };
		89B67E3E1B144B3E002D98B1 /* CoreLCVC.m in Sources */ = {isa = PBXBuildFile; fileRef = 89B67E2E1B144B3E002D98B1 /* CoreLCVC.m */; };
		89B67E3F1B144B3E002D98B1 /* LCCell.m in Sources */ = {isa = PBXBuildFile; fileRef = 89B67E311B144B3E002D98B1 /* LCCell.m */; };
		89B67E401B144B3E002D98B1 /* CoreLTVC.m in Sources */ = {isa = PBXBuildFile; fileRef = 89B67E351B144B3E002D98B1 /* CoreLTVC.m */; };
		89B67E411B144B3E002D98B1 /* LTCell.m in Sources */ = {isa = PBXBuildFile; fileRef = 89B67E381B144B3E002D98B1 /* LTCell.m */; };
		89B67E531B144B60002D98B1 /* CoreHttp.m in Sources */ = {isa = PBXBuildFile; fileRef = 89B67E441B144B60002D98B1 /* CoreHttp.m */; };
		89B67E541B144B60002D98B1 /* NSString+CoreHttp.m in Sources */ = {isa = PBXBuildFile; fileRef = 89B67E471B144B60002D98B1 /* NSString+CoreHttp.m */; };
		89B67E551B144B60002D98B1 /* NSData+MimeType.m in Sources */ = {isa = PBXBuildFile; fileRef = 89B67E4A1B144B60002D98B1 /* NSData+MimeType.m */; };
		89B67E561B144B60002D98B1 /* NSData+Param.m in Sources */ = {isa = PBXBuildFile; fileRef = 89B67E4C1B144B60002D98B1 /* NSData+Param.m */; };
		89B67E571B144B60002D98B1 /* NSString+File.m in Sources */ = {isa = PBXBuildFile; fileRef = 89B67E4E1B144B60002D98B1 /* NSString+File.m */; };
		89B67E581B144B60002D98B1 /* NSURL+File.m in Sources */ = {isa = PBXBuildFile; fileRef = 89B67E501B144B60002D98B1 /* NSURL+File.m */; };
		89B67E591B144B60002D98B1 /* UploadFile.m in Sources */ = {isa = PBXBuildFile; fileRef = 89B67E521B144B60002D98B1 /* UploadFile.m */; };
		89B67E6C1B144B74002D98B1 /* MJConst.m in Sources */ = {isa = PBXBuildFile; fileRef = 89B67E5C1B144B74002D98B1 /* MJConst.m */; };
		89B67E6D1B144B74002D98B1 /* MJFoundation.m in Sources */ = {isa = PBXBuildFile; fileRef = 89B67E5F1B144B74002D98B1 /* MJFoundation.m */; };
		89B67E6E1B144B74002D98B1 /* MJProperty.m in Sources */ = {isa = PBXBuildFile; fileRef = 89B67E611B144B74002D98B1 /* MJProperty.m */; };
		89B67E6F1B144B74002D98B1 /* MJType.m in Sources */ = {isa = PBXBuildFile; fileRef = 89B67E631B144B74002D98B1 /* MJType.m */; };
		89B67E701B144B74002D98B1 /* NSObject+MJCoding.m in Sources */ = {isa = PBXBuildFile; fileRef = 89B67E651B144B74002D98B1 /* NSObject+MJCoding.m */; };
		89B67E711B144B74002D98B1 /* NSObject+MJKeyValue.m in Sources */ = {isa = PBXBuildFile; fileRef = 89B67E671B144B74002D98B1 /* NSObject+MJKeyValue.m */; };
		89B67E721B144B74002D98B1 /* NSObject+MJProperty.m in Sources */ = {isa = PBXBuildFile; fileRef = 89B67E691B144B74002D98B1 /* NSObject+MJProperty.m */; };
		89B67E731B144B74002D98B1 /* NSString+MJExtension.m in Sources */ = {isa = PBXBuildFile; fileRef = 89B67E6B1B144B74002D98B1 /* NSString+MJExtension.m */; };
		89B67E7A1B144B8E002D98B1 /* NSString+ArcFile.m in Sources */ = {isa = PBXBuildFile; fileRef = 89B67E771B144B8E002D98B1 /* NSString+ArcFile.m */; };
		89B67E7B1B144B8E002D98B1 /* CoreArchive.m in Sources */ = {isa = PBXBuildFile; fileRef = 89B67E791B144B8E002D98B1 /* CoreArchive.m */; };
		89B67E821B144B9F002D98B1 /* CoreStatus.m in Sources */ = {isa = PBXBuildFile; fileRef = 89B67E7E1B144B9F002D98B1 /* CoreStatus.m */; };
		89B67E831B144B9F002D98B1 /* Reachability.m in Sources */ = {isa = PBXBuildFile; fileRef = 89B67E811B144B9F002D98B1 /* Reachability.m */; };
		89B67E8C1B144BBA002D98B1 /* CoreViewNetWorkStausManager.m in Sources */ = {isa = PBXBuildFile; fileRef = 89B67E861B144BBA002D98B1 /* CoreViewNetWorkStausManager.m */; };
		89B67E8D1B144BBA002D98B1 /* CM.bundle in Resources */ = {isa = PBXBuildFile; fileRef = 89B67E881B144BBA002D98B1 /* CM.bundle */; };
		89B67E8E1B144BBA002D98B1 /* CMView.m in Sources */ = {isa = PBXBuildFile; fileRef = 89B67E8A1B144BBA002D98B1 /* CMView.m */; };
		89B67E8F1B144BBA002D98B1 /* CMView.xib in Resources */ = {isa = PBXBuildFile; fileRef = 89B67E8B1B144BBA002D98B1 /* CMView.xib */; };
		89B67E991B144D8C002D98B1 /* NewsListTVC.m in Sources */ = {isa = PBXBuildFile; fileRef = 89B67E981B144D8C002D98B1 /* NewsListTVC.m */; };
		89B67E9C1B144DCC002D98B1 /* NewsListModel.m in Sources */ = {isa = PBXBuildFile; fileRef = 89B67E9B1B144DCC002D98B1 /* NewsListModel.m */; };
		89B67E9F1B144DF6002D98B1 /* NewsListCell.m in Sources */ = {isa = PBXBuildFile; fileRef = 89B67E9E1B144DF5002D98B1 /* NewsListCell.m */; };
		89B67EA11B144EB7002D98B1 /* NewsListCell.xib in Resources */ = {isa = PBXBuildFile; fileRef = 89B67EA01B144EB7002D98B1 /* NewsListCell.xib */; };
		89BF37961B3E20D10090F120 /* CorePagesViewConfig.m in Sources */ = {isa = PBXBuildFile; fileRef = 89BF37951B3E20D10090F120 /* CorePagesViewConfig.m */; };
		89BF379A1B3E38410090F120 /* show2.gif in Resources */ = {isa = PBXBuildFile; fileRef = 89BF37991B3E38410090F120 /* show2.gif */; };
		D672E1CA1AC1C5CC00F95030 /* 1.png in Resources */ = {isa = PBXBuildFile; fileRef = D672E1C61AC1C5CC00F95030 /* 1.png */; };
		D672E1CB1AC1C5CC00F95030 /* 2.png in Resources */ = {isa = PBXBuildFile; fileRef = D672E1C71AC1C5CC00F95030 /* 2.png */; };
		D672E1CC1AC1C5CC00F95030 /* 3.png in Resources */ = {isa = PBXBuildFile; fileRef = D672E1C81AC1C5CC00F95030 /* 3.png */; };
		D672E1CD1AC1C5CC00F95030 /* 4.png in Resources */ = {isa = PBXBuildFile; fileRef = D672E1C91AC1C5CC00F95030 /* 4.png */; };
		EE4A929D1ABBB94400F01A48 /* main.m in Sources */ = {isa = PBXBuildFile; fileRef = EE4A929C1ABBB94400F01A48 /* main.m */; };
		EE4A92A01ABBB94400F01A48 /* AppDelegate.m in Sources */ = {isa = PBXBuildFile; fileRef = EE4A929F1ABBB94400F01A48 /* AppDelegate.m */; };
		EE4A92A31ABBB94400F01A48 /* ViewController.m in Sources */ = {isa = PBXBuildFile; fileRef = EE4A92A21ABBB94400F01A48 /* ViewController.m */; };
		EE4A92A61ABBB94400F01A48 /* Main.storyboard in Resources */ = {isa = PBXBuildFile; fileRef = EE4A92A41ABBB94400F01A48 /* Main.storyboard */; };
		EE4A92A81ABBB94400F01A48 /* Images.xcassets in Resources */ = {isa = PBXBuildFile; fileRef = EE4A92A71ABBB94400F01A48 /* Images.xcassets */; };
		EE4A92AB1ABBB94400F01A48 /* LaunchScreen.xib in Resources */ = {isa = PBXBuildFile; fileRef = EE4A92A91ABBB94400F01A48 /* LaunchScreen.xib */; };
		EE4A92B71ABBB94400F01A48 /* CorePagesViewTests.m in Sources */ = {isa = PBXBuildFile; fileRef = EE4A92B61ABBB94400F01A48 /* CorePagesViewTests.m */; };
		EE4A92DF1ABBBBA500F01A48 /* CorePageModel.m in Sources */ = {isa = PBXBuildFile; fileRef = EE4A92D91ABBBBA500F01A48 /* CorePageModel.m */; };
		EE4A92E01ABBBBA500F01A48 /* CorePagesBarView.m in Sources */ = {isa = PBXBuildFile; fileRef = EE4A92DC1ABBBBA500F01A48 /* CorePagesBarView.m */; };
		EE4A931B1ABBFDD000F01A48 /* CorePagesBarBtn.m in Sources */ = {isa = PBXBuildFile; fileRef = EE4A931A1ABBFDD000F01A48 /* CorePagesBarBtn.m */; };
		EE6CB6A51ABC065D007F2E42 /* CorePagesView.m in Sources */ = {isa = PBXBuildFile; fileRef = EE6CB6A31ABC065D007F2E42 /* CorePagesView.m */; };
		EE6CB6A61ABC065D007F2E42 /* CorePagesView.xib in Resources */ = {isa = PBXBuildFile; fileRef = EE6CB6A41ABC065D007F2E42 /* CorePagesView.xib */; };
		EE6CB6AD1ABC14A6007F2E42 /* CAAnimation+PagesViewBarShake.m in Sources */ = {isa = PBXBuildFile; fileRef = EE6CB6AC1ABC14A6007F2E42 /* CAAnimation+PagesViewBarShake.m */; };
/* End PBXBuildFile section */

/* Begin PBXContainerItemProxy section */
		EE4A92B11ABBB94400F01A48 /* PBXContainerItemProxy */ = {
			isa = PBXContainerItemProxy;
			containerPortal = EE4A928F1ABBB94400F01A48 /* Project object */;
			proxyType = 1;
			remoteGlobalIDString = EE4A92961ABBB94400F01A48;
			remoteInfo = CorePagesView;
		};
/* End PBXContainerItemProxy section */

/* Begin PBXFileReference section */
		89B67CD51B142FE0002D98B1 /* CAAnimation+CoreRefresh.h */ = {isa = PBXFileReference; fileEncoding = 4; lastKnownFileType = sourcecode.c.h; path = "CAAnimation+CoreRefresh.h"; sourceTree = "<group>"; };
		89B67CD61B142FE0002D98B1 /* CAAnimation+CoreRefresh.m */ = {isa = PBXFileReference; fileEncoding = 4; lastKnownFileType = sourcecode.c.objc; path = "CAAnimation+CoreRefresh.m"; sourceTree = "<group>"; };
		89B67CD71B142FE0002D98B1 /* CoreFooterView.h */ = {isa = PBXFileReference; fileEncoding = 4; lastKnownFileType = sourcecode.c.h; path = CoreFooterView.h; sourceTree = "<group>"; };
		89B67CD81B142FE0002D98B1 /* CoreFooterView.m */ = {isa = PBXFileReference; fileEncoding = 4; lastKnownFileType = sourcecode.c.objc; path = CoreFooterView.m; sourceTree = "<group>"; };
		89B67CD91B142FE0002D98B1 /* CoreFooterView.xib */ = {isa = PBXFileReference; fileEncoding = 4; lastKnownFileType = file.xib; path = CoreFooterView.xib; sourceTree = "<group>"; };
		89B67CDA1B142FE0002D98B1 /* CoreHeaderShowView.h */ = {isa = PBXFileReference; fileEncoding = 4; lastKnownFileType = sourcecode.c.h; path = CoreHeaderShowView.h; sourceTree = "<group>"; };
		89B67CDB1B142FE0002D98B1 /* CoreHeaderShowView.m */ = {isa = PBXFileReference; fileEncoding = 4; lastKnownFileType = sourcecode.c.objc; path = CoreHeaderShowView.m; sourceTree = "<group>"; };
		89B67CDC1B142FE0002D98B1 /* CoreHeaderShowView.xib */ = {isa = PBXFileReference; fileEncoding = 4; lastKnownFileType = file.xib; path = CoreHeaderShowView.xib; sourceTree = "<group>"; };
		89B67CDD1B142FE0002D98B1 /* CoreHeaderView.h */ = {isa = PBXFileReference; fileEncoding = 4; lastKnownFileType = sourcecode.c.h; path = CoreHeaderView.h; sourceTree = "<group>"; };
		89B67CDE1B142FE0002D98B1 /* CoreHeaderView.m */ = {isa = PBXFileReference; fileEncoding = 4; lastKnownFileType = sourcecode.c.objc; path = CoreHeaderView.m; sourceTree = "<group>"; };
		89B67CDF1B142FE0002D98B1 /* CoreHeaderView.xib */ = {isa = PBXFileReference; fileEncoding = 4; lastKnownFileType = file.xib; path = CoreHeaderView.xib; sourceTree = "<group>"; };
		89B67CE01B142FE0002D98B1 /* CoreRefreshConst.h */ = {isa = PBXFileReference; fileEncoding = 4; lastKnownFileType = sourcecode.c.h; path = CoreRefreshConst.h; sourceTree = "<group>"; };
		89B67CE11B142FE0002D98B1 /* CoreRefreshConst.m */ = {isa = PBXFileReference; fileEncoding = 4; lastKnownFileType = sourcecode.c.objc; path = CoreRefreshConst.m; sourceTree = "<group>"; };
		89B67CE21B142FE0002D98B1 /* CoreRefreshEntry.h */ = {isa = PBXFileReference; fileEncoding = 4; lastKnownFileType = sourcecode.c.h; path = CoreRefreshEntry.h; sourceTree = "<group>"; };
		89B67CE31B142FE0002D98B1 /* CoreRefreshResource.bundle */ = {isa = PBXFileReference; lastKnownFileType = "wrapper.plug-in"; path = CoreRefreshResource.bundle; sourceTree = "<group>"; };
		89B67CE41B142FE0002D98B1 /* CoreRefreshView.h */ = {isa = PBXFileReference; fileEncoding = 4; lastKnownFileType = sourcecode.c.h; path = CoreRefreshView.h; sourceTree = "<group>"; };
		89B67CE51B142FE0002D98B1 /* CoreRefreshView.m */ = {isa = PBXFileReference; fileEncoding = 4; lastKnownFileType = sourcecode.c.objc; path = CoreRefreshView.m; sourceTree = "<group>"; };
		89B67CE61B142FE0002D98B1 /* UIScrollView+MJExtension.h */ = {isa = PBXFileReference; fileEncoding = 4; lastKnownFileType = sourcecode.c.h; path = "UIScrollView+MJExtension.h"; sourceTree = "<group>"; };
		89B67CE71B142FE0002D98B1 /* UIScrollView+MJExtension.m */ = {isa = PBXFileReference; fileEncoding = 4; lastKnownFileType = sourcecode.c.objc; path = "UIScrollView+MJExtension.m"; sourceTree = "<group>"; };
		89B67CE81B142FE0002D98B1 /* UIScrollView+Refresh.h */ = {isa = PBXFileReference; fileEncoding = 4; lastKnownFileType = sourcecode.c.h; path = "UIScrollView+Refresh.h"; sourceTree = "<group>"; };
		89B67CE91B142FE0002D98B1 /* UIScrollView+Refresh.m */ = {isa = PBXFileReference; fileEncoding = 4; lastKnownFileType = sourcecode.c.objc; path = "UIScrollView+Refresh.m"; sourceTree = "<group>"; };
		89B67CEA1B142FE0002D98B1 /* UIView+MJExtension.h */ = {isa = PBXFileReference; fileEncoding = 4; lastKnownFileType = sourcecode.c.h; path = "UIView+MJExtension.h"; sourceTree = "<group>"; };
		89B67CEB1B142FE0002D98B1 /* UIView+MJExtension.m */ = {isa = PBXFileReference; fileEncoding = 4; lastKnownFileType = sourcecode.c.objc; path = "UIView+MJExtension.m"; sourceTree = "<group>"; };
		89B67E221B144B3E002D98B1 /* CoreListVC.h */ = {isa = PBXFileReference; fileEncoding = 4; lastKnownFileType = sourcecode.c.h; path = CoreListVC.h; sourceTree = "<group>"; };
		89B67E231B144B3E002D98B1 /* CoreListVC.m */ = {isa = PBXFileReference; fileEncoding = 4; lastKnownFileType = sourcecode.c.objc; path = CoreListVC.m; sourceTree = "<group>"; };
		89B67E251B144B3E002D98B1 /* CoreListCommonModel.h */ = {isa = PBXFileReference; fileEncoding = 4; lastKnownFileType = sourcecode.c.h; path = CoreListCommonModel.h; sourceTree = "<group>"; };
		89B67E261B144B3E002D98B1 /* CoreListCommonModel.m */ = {isa = PBXFileReference; fileEncoding = 4; lastKnownFileType = sourcecode.c.objc; path = CoreListCommonModel.m; sourceTree = "<group>"; };
		89B67E271B144B3E002D98B1 /* LTConfigModel.h */ = {isa = PBXFileReference; fileEncoding = 4; lastKnownFileType = sourcecode.c.h; path = LTConfigModel.h; sourceTree = "<group>"; };
		89B67E281B144B3E002D98B1 /* LTConfigModel.m */ = {isa = PBXFileReference; fileEncoding = 4; lastKnownFileType = sourcecode.c.objc; path = LTConfigModel.m; sourceTree = "<group>"; };
		89B67E2A1B144B3E002D98B1 /* CoreList.bundle */ = {isa = PBXFileReference; lastKnownFileType = "wrapper.plug-in"; path = CoreList.bundle; sourceTree = "<group>"; };
		89B67E2D1B144B3E002D98B1 /* CoreLCVC.h */ = {isa = PBXFileReference; fileEncoding = 4; lastKnownFileType = sourcecode.c.h; path = CoreLCVC.h; sourceTree = "<group>"; };
		89B67E2E1B144B3E002D98B1 /* CoreLCVC.m */ = {isa = PBXFileReference; fileEncoding = 4; lastKnownFileType = sourcecode.c.objc; path = CoreLCVC.m; sourceTree = "<group>"; };
		89B67E301B144B3E002D98B1 /* LCCell.h */ = {isa = PBXFileReference; fileEncoding = 4; lastKnownFileType = sourcecode.c.h; path = LCCell.h; sourceTree = "<group>"; };
		89B67E311B144B3E002D98B1 /* LCCell.m */ = {isa = PBXFileReference; fileEncoding = 4; lastKnownFileType = sourcecode.c.objc; path = LCCell.m; sourceTree = "<group>"; };
		89B67E341B144B3E002D98B1 /* CoreLTVC.h */ = {isa = PBXFileReference; fileEncoding = 4; lastKnownFileType = sourcecode.c.h; path = CoreLTVC.h; sourceTree = "<group>"; };
		89B67E351B144B3E002D98B1 /* CoreLTVC.m */ = {isa = PBXFileReference; fileEncoding = 4; lastKnownFileType = sourcecode.c.objc; path = CoreLTVC.m; sourceTree = "<group>"; };
		89B67E371B144B3E002D98B1 /* LTCell.h */ = {isa = PBXFileReference; fileEncoding = 4; lastKnownFileType = sourcecode.c.h; path = LTCell.h; sourceTree = "<group>"; };
		89B67E381B144B3E002D98B1 /* LTCell.m */ = {isa = PBXFileReference; fileEncoding = 4; lastKnownFileType = sourcecode.c.objc; path = LTCell.m; sourceTree = "<group>"; };
		89B67E391B144B3E002D98B1 /* CoreLTVC_Useage_ReadME.h */ = {isa = PBXFileReference; fileEncoding = 4; lastKnownFileType = sourcecode.c.h; path = CoreLTVC_Useage_ReadME.h; sourceTree = "<group>"; };
		89B67E431B144B60002D98B1 /* CoreHttp.h */ = {isa = PBXFileReference; fileEncoding = 4; lastKnownFileType = sourcecode.c.h; path = CoreHttp.h; sourceTree = "<group>"; };
		89B67E441B144B60002D98B1 /* CoreHttp.m */ = {isa = PBXFileReference; fileEncoding = 4; lastKnownFileType = sourcecode.c.objc; path = CoreHttp.m; sourceTree = "<group>"; };
		89B67E461B144B60002D98B1 /* NSString+CoreHttp.h */ = {isa = PBXFileReference; fileEncoding = 4; lastKnownFileType = sourcecode.c.h; path = "NSString+CoreHttp.h"; sourceTree = "<group>"; };
		89B67E471B144B60002D98B1 /* NSString+CoreHttp.m */ = {isa = PBXFileReference; fileEncoding = 4; lastKnownFileType = sourcecode.c.objc; path = "NSString+CoreHttp.m"; sourceTree = "<group>"; };
		89B67E491B144B60002D98B1 /* NSData+MimeType.h */ = {isa = PBXFileReference; fileEncoding = 4; lastKnownFileType = sourcecode.c.h; path = "NSData+MimeType.h"; sourceTree = "<group>"; };
		89B67E4A1B144B60002D98B1 /* NSData+MimeType.m */ = {isa = PBXFileReference; fileEncoding = 4; lastKnownFileType = sourcecode.c.objc; path = "NSData+MimeType.m"; sourceTree = "<group>"; };
		89B67E4B1B144B60002D98B1 /* NSData+Param.h */ = {isa = PBXFileReference; fileEncoding = 4; lastKnownFileType = sourcecode.c.h; path = "NSData+Param.h"; sourceTree = "<group>"; };
		89B67E4C1B144B60002D98B1 /* NSData+Param.m */ = {isa = PBXFileReference; fileEncoding = 4; lastKnownFileType = sourcecode.c.objc; path = "NSData+Param.m"; sourceTree = "<group>"; };
		89B67E4D1B144B60002D98B1 /* NSString+File.h */ = {isa = PBXFileReference; fileEncoding = 4; lastKnownFileType = sourcecode.c.h; path = "NSString+File.h"; sourceTree = "<group>"; };
		89B67E4E1B144B60002D98B1 /* NSString+File.m */ = {isa = PBXFileReference; fileEncoding = 4; lastKnownFileType = sourcecode.c.objc; path = "NSString+File.m"; sourceTree = "<group>"; };
		89B67E4F1B144B60002D98B1 /* NSURL+File.h */ = {isa = PBXFileReference; fileEncoding = 4; lastKnownFileType = sourcecode.c.h; path = "NSURL+File.h"; sourceTree = "<group>"; };
		89B67E501B144B60002D98B1 /* NSURL+File.m */ = {isa = PBXFileReference; fileEncoding = 4; lastKnownFileType = sourcecode.c.objc; path = "NSURL+File.m"; sourceTree = "<group>"; };
		89B67E511B144B60002D98B1 /* UploadFile.h */ = {isa = PBXFileReference; fileEncoding = 4; lastKnownFileType = sourcecode.c.h; path = UploadFile.h; sourceTree = "<group>"; };
		89B67E521B144B60002D98B1 /* UploadFile.m */ = {isa = PBXFileReference; fileEncoding = 4; lastKnownFileType = sourcecode.c.objc; path = UploadFile.m; sourceTree = "<group>"; };
		89B67E5B1B144B74002D98B1 /* MJConst.h */ = {isa = PBXFileReference; fileEncoding = 4; lastKnownFileType = sourcecode.c.h; path = MJConst.h; sourceTree = "<group>"; };
		89B67E5C1B144B74002D98B1 /* MJConst.m */ = {isa = PBXFileReference; fileEncoding = 4; lastKnownFileType = sourcecode.c.objc; path = MJConst.m; sourceTree = "<group>"; };
		89B67E5D1B144B74002D98B1 /* MJExtension.h */ = {isa = PBXFileReference; fileEncoding = 4; lastKnownFileType = sourcecode.c.h; path = MJExtension.h; sourceTree = "<group>"; };
		89B67E5E1B144B74002D98B1 /* MJFoundation.h */ = {isa = PBXFileReference; fileEncoding = 4; lastKnownFileType = sourcecode.c.h; path = MJFoundation.h; sourceTree = "<group>"; };
		89B67E5F1B144B74002D98B1 /* MJFoundation.m */ = {isa = PBXFileReference; fileEncoding = 4; lastKnownFileType = sourcecode.c.objc; path = MJFoundation.m; sourceTree = "<group>"; };
		89B67E601B144B74002D98B1 /* MJProperty.h */ = {isa = PBXFileReference; fileEncoding = 4; lastKnownFileType = sourcecode.c.h; path = MJProperty.h; sourceTree = "<group>"; };
		89B67E611B144B74002D98B1 /* MJProperty.m */ = {isa = PBXFileReference; fileEncoding = 4; lastKnownFileType = sourcecode.c.objc; path = MJProperty.m; sourceTree = "<group>"; };
		89B67E621B144B74002D98B1 /* MJType.h */ = {isa = PBXFileReference; fileEncoding = 4; lastKnownFileType = sourcecode.c.h; path = MJType.h; sourceTree = "<group>"; };
		89B67E631B144B74002D98B1 /* MJType.m */ = {isa = PBXFileReference; fileEncoding = 4; lastKnownFileType = sourcecode.c.objc; path = MJType.m; sourceTree = "<group>"; };
		89B67E641B144B74002D98B1 /* NSObject+MJCoding.h */ = {isa = PBXFileReference; fileEncoding = 4; lastKnownFileType = sourcecode.c.h; path = "NSObject+MJCoding.h"; sourceTree = "<group>"; };
		89B67E651B144B74002D98B1 /* NSObject+MJCoding.m */ = {isa = PBXFileReference; fileEncoding = 4; lastKnownFileType = sourcecode.c.objc; path = "NSObject+MJCoding.m"; sourceTree = "<group>"; };
		89B67E661B144B74002D98B1 /* NSObject+MJKeyValue.h */ = {isa = PBXFileReference; fileEncoding = 4; lastKnownFileType = sourcecode.c.h; path = "NSObject+MJKeyValue.h"; sourceTree = "<group>"; };
		89B67E671B144B74002D98B1 /* NSObject+MJKeyValue.m */ = {isa = PBXFileReference; fileEncoding = 4; lastKnownFileType = sourcecode.c.objc; path = "NSObject+MJKeyValue.m"; sourceTree = "<group>"; };
		89B67E681B144B74002D98B1 /* NSObject+MJProperty.h */ = {isa = PBXFileReference; fileEncoding = 4; lastKnownFileType = sourcecode.c.h; path = "NSObject+MJProperty.h"; sourceTree = "<group>"; };
		89B67E691B144B74002D98B1 /* NSObject+MJProperty.m */ = {isa = PBXFileReference; fileEncoding = 4; lastKnownFileType = sourcecode.c.objc; path = "NSObject+MJProperty.m"; sourceTree = "<group>"; };
		89B67E6A1B144B74002D98B1 /* NSString+MJExtension.h */ = {isa = PBXFileReference; fileEncoding = 4; lastKnownFileType = sourcecode.c.h; path = "NSString+MJExtension.h"; sourceTree = "<group>"; };
		89B67E6B1B144B74002D98B1 /* NSString+MJExtension.m */ = {isa = PBXFileReference; fileEncoding = 4; lastKnownFileType = sourcecode.c.objc; path = "NSString+MJExtension.m"; sourceTree = "<group>"; };
		89B67E761B144B8E002D98B1 /* NSString+ArcFile.h */ = {isa = PBXFileReference; fileEncoding = 4; lastKnownFileType = sourcecode.c.h; path = "NSString+ArcFile.h"; sourceTree = "<group>"; };
		89B67E771B144B8E002D98B1 /* NSString+ArcFile.m */ = {isa = PBXFileReference; fileEncoding = 4; lastKnownFileType = sourcecode.c.objc; path = "NSString+ArcFile.m"; sourceTree = "<group>"; };
		89B67E781B144B8E002D98B1 /* CoreArchive.h */ = {isa = PBXFileReference; fileEncoding = 4; lastKnownFileType = sourcecode.c.h; path = CoreArchive.h; sourceTree = "<group>"; };
		89B67E791B144B8E002D98B1 /* CoreArchive.m */ = {isa = PBXFileReference; fileEncoding = 4; lastKnownFileType = sourcecode.c.objc; path = CoreArchive.m; sourceTree = "<group>"; };
		89B67E7D1B144B9F002D98B1 /* CoreStatus.h */ = {isa = PBXFileReference; fileEncoding = 4; lastKnownFileType = sourcecode.c.h; path = CoreStatus.h; sourceTree = "<group>"; };
		89B67E7E1B144B9F002D98B1 /* CoreStatus.m */ = {isa = PBXFileReference; fileEncoding = 4; lastKnownFileType = sourcecode.c.objc; path = CoreStatus.m; sourceTree = "<group>"; };
		89B67E801B144B9F002D98B1 /* Reachability.h */ = {isa = PBXFileReference; fileEncoding = 4; lastKnownFileType = sourcecode.c.h; path = Reachability.h; sourceTree = "<group>"; };
		89B67E811B144B9F002D98B1 /* Reachability.m */ = {isa = PBXFileReference; fileEncoding = 4; lastKnownFileType = sourcecode.c.objc; path = Reachability.m; sourceTree = "<group>"; };
		89B67E851B144BBA002D98B1 /* CoreViewNetWorkStausManager.h */ = {isa = PBXFileReference; fileEncoding = 4; lastKnownFileType = sourcecode.c.h; path = CoreViewNetWorkStausManager.h; sourceTree = "<group>"; };
		89B67E861B144BBA002D98B1 /* CoreViewNetWorkStausManager.m */ = {isa = PBXFileReference; fileEncoding = 4; lastKnownFileType = sourcecode.c.objc; path = CoreViewNetWorkStausManager.m; sourceTree = "<group>"; };
		89B67E881B144BBA002D98B1 /* CM.bundle */ = {isa = PBXFileReference; lastKnownFileType = "wrapper.plug-in"; path = CM.bundle; sourceTree = "<group>"; };
		89B67E891B144BBA002D98B1 /* CMView.h */ = {isa = PBXFileReference; fileEncoding = 4; lastKnownFileType = sourcecode.c.h; path = CMView.h; sourceTree = "<group>"; };
		89B67E8A1B144BBA002D98B1 /* CMView.m */ = {isa = PBXFileReference; fileEncoding = 4; lastKnownFileType = sourcecode.c.objc; path = CMView.m; sourceTree = "<group>"; };
		89B67E8B1B144BBA002D98B1 /* CMView.xib */ = {isa = PBXFileReference; fileEncoding = 4; lastKnownFileType = file.xib; path = CMView.xib; sourceTree = "<group>"; };
		89B67E971B144D8C002D98B1 /* NewsListTVC.h */ = {isa = PBXFileReference; fileEncoding = 4; lastKnownFileType = sourcecode.c.h; path = NewsListTVC.h; sourceTree = "<group>"; };
		89B67E981B144D8C002D98B1 /* NewsListTVC.m */ = {isa = PBXFileReference; fileEncoding = 4; lastKnownFileType = sourcecode.c.objc; path = NewsListTVC.m; sourceTree = "<group>"; };
		89B67E9A1B144DCC002D98B1 /* NewsListModel.h */ = {isa = PBXFileReference; fileEncoding = 4; lastKnownFileType = sourcecode.c.h; path = NewsListModel.h; sourceTree = "<group>"; };
		89B67E9B1B144DCC002D98B1 /* NewsListModel.m */ = {isa = PBXFileReference; fileEncoding = 4; lastKnownFileType = sourcecode.c.objc; path = NewsListModel.m; sourceTree = "<group>"; };
		89B67E9D1B144DF5002D98B1 /* NewsListCell.h */ = {isa = PBXFileReference; fileEncoding = 4; lastKnownFileType = sourcecode.c.h; path = NewsListCell.h; sourceTree = "<group>"; };
		89B67E9E1B144DF5002D98B1 /* NewsListCell.m */ = {isa = PBXFileReference; fileEncoding = 4; lastKnownFileType = sourcecode.c.objc; path = NewsListCell.m; sourceTree = "<group>"; };
		89B67EA01B144EB7002D98B1 /* NewsListCell.xib */ = {isa = PBXFileReference; fileEncoding = 4; lastKnownFileType = file.xib; path = NewsListCell.xib; sourceTree = "<group>"; };
		89BF37941B3E20D10090F120 /* CorePagesViewConfig.h */ = {isa = PBXFileReference; fileEncoding = 4; lastKnownFileType = sourcecode.c.h; path = CorePagesViewConfig.h; sourceTree = "<group>"; };
		89BF37951B3E20D10090F120 /* CorePagesViewConfig.m */ = {isa = PBXFileReference; fileEncoding = 4; lastKnownFileType = sourcecode.c.objc; path = CorePagesViewConfig.m; sourceTree = "<group>"; };
		89BF37991B3E38410090F120 /* show2.gif */ = {isa = PBXFileReference; lastKnownFileType = image.gif; path = show2.gif; sourceTree = "<group>"; };
		D672E1C61AC1C5CC00F95030 /* 1.png */ = {isa = PBXFileReference; lastKnownFileType = image.png; path = 1.png; sourceTree = "<group>"; };
		D672E1C71AC1C5CC00F95030 /* 2.png */ = {isa = PBXFileReference; lastKnownFileType = image.png; path = 2.png; sourceTree = "<group>"; };
		D672E1C81AC1C5CC00F95030 /* 3.png */ = {isa = PBXFileReference; lastKnownFileType = image.png; path = 3.png; sourceTree = "<group>"; };
		D672E1C91AC1C5CC00F95030 /* 4.png */ = {isa = PBXFileReference; lastKnownFileType = image.png; path = 4.png; sourceTree = "<group>"; };
		EE4A92971ABBB94400F01A48 /* CorePagesView.app */ = {isa = PBXFileReference; explicitFileType = wrapper.application; includeInIndex = 0; path = CorePagesView.app; sourceTree = BUILT_PRODUCTS_DIR; };
		EE4A929B1ABBB94400F01A48 /* Info.plist */ = {isa = PBXFileReference; lastKnownFileType = text.plist.xml; path = Info.plist; sourceTree = "<group>"; };
		EE4A929C1ABBB94400F01A48 /* main.m */ = {isa = PBXFileReference; lastKnownFileType = sourcecode.c.objc; path = main.m; sourceTree = "<group>"; };
		EE4A929E1ABBB94400F01A48 /* AppDelegate.h */ = {isa = PBXFileReference; lastKnownFileType = sourcecode.c.h; path = AppDelegate.h; sourceTree = "<group>"; };
		EE4A929F1ABBB94400F01A48 /* AppDelegate.m */ = {isa = PBXFileReference; lastKnownFileType = sourcecode.c.objc; path = AppDelegate.m; sourceTree = "<group>"; };
		EE4A92A11ABBB94400F01A48 /* ViewController.h */ = {isa = PBXFileReference; lastKnownFileType = sourcecode.c.h; path = ViewController.h; sourceTree = "<group>"; };
		EE4A92A21ABBB94400F01A48 /* ViewController.m */ = {isa = PBXFileReference; lastKnownFileType = sourcecode.c.objc; path = ViewController.m; sourceTree = "<group>"; };
		EE4A92A51ABBB94400F01A48 /* Base */ = {isa = PBXFileReference; lastKnownFileType = file.storyboard; name = Base; path = Base.lproj/Main.storyboard; sourceTree = "<group>"; };
		EE4A92A71ABBB94400F01A48 /* Images.xcassets */ = {isa = PBXFileReference; lastKnownFileType = folder.assetcatalog; path = Images.xcassets; sourceTree = "<group>"; };
		EE4A92AA1ABBB94400F01A48 /* Base */ = {isa = PBXFileReference; lastKnownFileType = file.xib; name = Base; path = Base.lproj/LaunchScreen.xib; sourceTree = "<group>"; };
		EE4A92B01ABBB94400F01A48 /* CorePagesViewTests.xctest */ = {isa = PBXFileReference; explicitFileType = wrapper.cfbundle; includeInIndex = 0; path = CorePagesViewTests.xctest; sourceTree = BUILT_PRODUCTS_DIR; };
		EE4A92B51ABBB94400F01A48 /* Info.plist */ = {isa = PBXFileReference; lastKnownFileType = text.plist.xml; path = Info.plist; sourceTree = "<group>"; };
		EE4A92B61ABBB94400F01A48 /* CorePagesViewTests.m */ = {isa = PBXFileReference; lastKnownFileType = sourcecode.c.objc; path = CorePagesViewTests.m; sourceTree = "<group>"; };
		EE4A92D81ABBBBA500F01A48 /* CorePageModel.h */ = {isa = PBXFileReference; fileEncoding = 4; lastKnownFileType = sourcecode.c.h; path = CorePageModel.h; sourceTree = "<group>"; };
		EE4A92D91ABBBBA500F01A48 /* CorePageModel.m */ = {isa = PBXFileReference; fileEncoding = 4; lastKnownFileType = sourcecode.c.objc; path = CorePageModel.m; sourceTree = "<group>"; };
		EE4A92DB1ABBBBA500F01A48 /* CorePagesBarView.h */ = {isa = PBXFileReference; fileEncoding = 4; lastKnownFileType = sourcecode.c.h; path = CorePagesBarView.h; sourceTree = "<group>"; };
		EE4A92DC1ABBBBA500F01A48 /* CorePagesBarView.m */ = {isa = PBXFileReference; fileEncoding = 4; lastKnownFileType = sourcecode.c.objc; path = CorePagesBarView.m; sourceTree = "<group>"; };
		EE4A93191ABBFDD000F01A48 /* CorePagesBarBtn.h */ = {isa = PBXFileReference; fileEncoding = 4; lastKnownFileType = sourcecode.c.h; path = CorePagesBarBtn.h; sourceTree = "<group>"; };
		EE4A931A1ABBFDD000F01A48 /* CorePagesBarBtn.m */ = {isa = PBXFileReference; fileEncoding = 4; lastKnownFileType = sourcecode.c.objc; path = CorePagesBarBtn.m; sourceTree = "<group>"; };
		EE6CB6A21ABC065D007F2E42 /* CorePagesView.h */ = {isa = PBXFileReference; fileEncoding = 4; lastKnownFileType = sourcecode.c.h; path = CorePagesView.h; sourceTree = "<group>"; };
		EE6CB6A31ABC065D007F2E42 /* CorePagesView.m */ = {isa = PBXFileReference; fileEncoding = 4; lastKnownFileType = sourcecode.c.objc; path = CorePagesView.m; sourceTree = "<group>"; };
		EE6CB6A41ABC065D007F2E42 /* CorePagesView.xib */ = {isa = PBXFileReference; fileEncoding = 4; lastKnownFileType = file.xib; path = CorePagesView.xib; sourceTree = "<group>"; };
		EE6CB6AB1ABC14A6007F2E42 /* CAAnimation+PagesViewBarShake.h */ = {isa = PBXFileReference; fileEncoding = 4; lastKnownFileType = sourcecode.c.h; path = "CAAnimation+PagesViewBarShake.h"; sourceTree = "<group>"; };
		EE6CB6AC1ABC14A6007F2E42 /* CAAnimation+PagesViewBarShake.m */ = {isa = PBXFileReference; fileEncoding = 4; lastKnownFileType = sourcecode.c.objc; path = "CAAnimation+PagesViewBarShake.m"; sourceTree = "<group>"; };
/* End PBXFileReference section */

/* Begin PBXFrameworksBuildPhase section */
		EE4A92941ABBB94400F01A48 /* Frameworks */ = {
			isa = PBXFrameworksBuildPhase;
			buildActionMask = 2147483647;
			files = (
			);
			runOnlyForDeploymentPostprocessing = 0;
		};
		EE4A92AD1ABBB94400F01A48 /* Frameworks */ = {
			isa = PBXFrameworksBuildPhase;
			buildActionMask = 2147483647;
			files = (
			);
			runOnlyForDeploymentPostprocessing = 0;
		};
/* End PBXFrameworksBuildPhase section */

/* Begin PBXGroup section */
		89B67CD31B142E15002D98B1 /* Frameworks */ = {
			isa = PBXGroup;
			children = (
				89B67E841B144BBA002D98B1 /* CoreViewNetWorkStausManager */,
				89B67E7C1B144B9F002D98B1 /* CoreStatus */,
				89B67E741B144B8E002D98B1 /* CoreArchive */,
				89B67E5A1B144B74002D98B1 /* MJExtension */,
				89B67E421B144B60002D98B1 /* CoreHttp */,
				89B67E1F1B144B3E002D98B1 /* CoreList */,
				89B67CD41B142FE0002D98B1 /* CoreRefresh */,
			);
			path = Frameworks;
			sourceTree = "<group>";
		};
		89B67CD41B142FE0002D98B1 /* CoreRefresh */ = {
			isa = PBXGroup;
			children = (
				89B67CD51B142FE0002D98B1 /* CAAnimation+CoreRefresh.h */,
				89B67CD61B142FE0002D98B1 /* CAAnimation+CoreRefresh.m */,
				89B67CD71B142FE0002D98B1 /* CoreFooterView.h */,
				89B67CD81B142FE0002D98B1 /* CoreFooterView.m */,
				89B67CD91B142FE0002D98B1 /* CoreFooterView.xib */,
				89B67CDA1B142FE0002D98B1 /* CoreHeaderShowView.h */,
				89B67CDB1B142FE0002D98B1 /* CoreHeaderShowView.m */,
				89B67CDC1B142FE0002D98B1 /* CoreHeaderShowView.xib */,
				89B67CDD1B142FE0002D98B1 /* CoreHeaderView.h */,
				89B67CDE1B142FE0002D98B1 /* CoreHeaderView.m */,
				89B67CDF1B142FE0002D98B1 /* CoreHeaderView.xib */,
				89B67CE01B142FE0002D98B1 /* CoreRefreshConst.h */,
				89B67CE11B142FE0002D98B1 /* CoreRefreshConst.m */,
				89B67CE21B142FE0002D98B1 /* CoreRefreshEntry.h */,
				89B67CE31B142FE0002D98B1 /* CoreRefreshResource.bundle */,
				89B67CE41B142FE0002D98B1 /* CoreRefreshView.h */,
				89B67CE51B142FE0002D98B1 /* CoreRefreshView.m */,
				89B67CE61B142FE0002D98B1 /* UIScrollView+MJExtension.h */,
				89B67CE71B142FE0002D98B1 /* UIScrollView+MJExtension.m */,
				89B67CE81B142FE0002D98B1 /* UIScrollView+Refresh.h */,
				89B67CE91B142FE0002D98B1 /* UIScrollView+Refresh.m */,
				89B67CEA1B142FE0002D98B1 /* UIView+MJExtension.h */,
				89B67CEB1B142FE0002D98B1 /* UIView+MJExtension.m */,
			);
			path = CoreRefresh;
			sourceTree = "<group>";
		};
		89B67E1F1B144B3E002D98B1 /* CoreList */ = {
			isa = PBXGroup;
			children = (
				89B67E201B144B3E002D98B1 /* Common */,
				89B67E2B1B144B3E002D98B1 /* CoreListCVC */,
				89B67E321B144B3E002D98B1 /* CoreListTVC */,
				89B67E391B144B3E002D98B1 /* CoreLTVC_Useage_ReadME.h */,
			);
			path = CoreList;
			sourceTree = "<group>";
		};
		89B67E201B144B3E002D98B1 /* Common */ = {
			isa = PBXGroup;
			children = (
				89B67E211B144B3E002D98B1 /* Controller */,
				89B67E241B144B3E002D98B1 /* Model */,
				89B67E291B144B3E002D98B1 /* Resource */,
			);
			path = Common;
			sourceTree = "<group>";
		};
		89B67E211B144B3E002D98B1 /* Controller */ = {
			isa = PBXGroup;
			children = (
				89B67E221B144B3E002D98B1 /* CoreListVC.h */,
				89B67E231B144B3E002D98B1 /* CoreListVC.m */,
			);
			path = Controller;
			sourceTree = "<group>";
		};
		89B67E241B144B3E002D98B1 /* Model */ = {
			isa = PBXGroup;
			children = (
				89B67E251B144B3E002D98B1 /* CoreListCommonModel.h */,
				89B67E261B144B3E002D98B1 /* CoreListCommonModel.m */,
				89B67E271B144B3E002D98B1 /* LTConfigModel.h */,
				89B67E281B144B3E002D98B1 /* LTConfigModel.m */,
			);
			path = Model;
			sourceTree = "<group>";
		};
		89B67E291B144B3E002D98B1 /* Resource */ = {
			isa = PBXGroup;
			children = (
				89B67E2A1B144B3E002D98B1 /* CoreList.bundle */,
			);
			path = Resource;
			sourceTree = "<group>";
		};
		89B67E2B1B144B3E002D98B1 /* CoreListCVC */ = {
			isa = PBXGroup;
			children = (
				89B67E2C1B144B3E002D98B1 /* VC */,
				89B67E2F1B144B3E002D98B1 /* View */,
			);
			path = CoreListCVC;
			sourceTree = "<group>";
		};
		89B67E2C1B144B3E002D98B1 /* VC */ = {
			isa = PBXGroup;
			children = (
				89B67E2D1B144B3E002D98B1 /* CoreLCVC.h */,
				89B67E2E1B144B3E002D98B1 /* CoreLCVC.m */,
			);
			path = VC;
			sourceTree = "<group>";
		};
		89B67E2F1B144B3E002D98B1 /* View */ = {
			isa = PBXGroup;
			children = (
				89B67E301B144B3E002D98B1 /* LCCell.h */,
				89B67E311B144B3E002D98B1 /* LCCell.m */,
			);
			path = View;
			sourceTree = "<group>";
		};
		89B67E321B144B3E002D98B1 /* CoreListTVC */ = {
			isa = PBXGroup;
			children = (
				89B67E331B144B3E002D98B1 /* VC */,
				89B67E361B144B3E002D98B1 /* View */,
			);
			path = CoreListTVC;
			sourceTree = "<group>";
		};
		89B67E331B144B3E002D98B1 /* VC */ = {
			isa = PBXGroup;
			children = (
				89B67E341B144B3E002D98B1 /* CoreLTVC.h */,
				89B67E351B144B3E002D98B1 /* CoreLTVC.m */,
			);
			path = VC;
			sourceTree = "<group>";
		};
		89B67E361B144B3E002D98B1 /* View */ = {
			isa = PBXGroup;
			children = (
				89B67E371B144B3E002D98B1 /* LTCell.h */,
				89B67E381B144B3E002D98B1 /* LTCell.m */,
			);
			path = View;
			sourceTree = "<group>";
		};
		89B67E421B144B60002D98B1 /* CoreHttp */ = {
			isa = PBXGroup;
			children = (
				89B67E431B144B60002D98B1 /* CoreHttp.h */,
				89B67E441B144B60002D98B1 /* CoreHttp.m */,
				89B67E451B144B60002D98B1 /* NSString+CoreHttp */,
				89B67E481B144B60002D98B1 /* Upload */,
			);
			path = CoreHttp;
			sourceTree = "<group>";
		};
		89B67E451B144B60002D98B1 /* NSString+CoreHttp */ = {
			isa = PBXGroup;
			children = (
				89B67E461B144B60002D98B1 /* NSString+CoreHttp.h */,
				89B67E471B144B60002D98B1 /* NSString+CoreHttp.m */,
			);
			path = "NSString+CoreHttp";
			sourceTree = "<group>";
		};
		89B67E481B144B60002D98B1 /* Upload */ = {
			isa = PBXGroup;
			children = (
				89B67E491B144B60002D98B1 /* NSData+MimeType.h */,
				89B67E4A1B144B60002D98B1 /* NSData+MimeType.m */,
				89B67E4B1B144B60002D98B1 /* NSData+Param.h */,
				89B67E4C1B144B60002D98B1 /* NSData+Param.m */,
				89B67E4D1B144B60002D98B1 /* NSString+File.h */,
				89B67E4E1B144B60002D98B1 /* NSString+File.m */,
				89B67E4F1B144B60002D98B1 /* NSURL+File.h */,
				89B67E501B144B60002D98B1 /* NSURL+File.m */,
				89B67E511B144B60002D98B1 /* UploadFile.h */,
				89B67E521B144B60002D98B1 /* UploadFile.m */,
			);
			path = Upload;
			sourceTree = "<group>";
		};
		89B67E5A1B144B74002D98B1 /* MJExtension */ = {
			isa = PBXGroup;
			children = (
				89B67E5B1B144B74002D98B1 /* MJConst.h */,
				89B67E5C1B144B74002D98B1 /* MJConst.m */,
				89B67E5D1B144B74002D98B1 /* MJExtension.h */,
				89B67E5E1B144B74002D98B1 /* MJFoundation.h */,
				89B67E5F1B144B74002D98B1 /* MJFoundation.m */,
				89B67E601B144B74002D98B1 /* MJProperty.h */,
				89B67E611B144B74002D98B1 /* MJProperty.m */,
				89B67E621B144B74002D98B1 /* MJType.h */,
				89B67E631B144B74002D98B1 /* MJType.m */,
				89B67E641B144B74002D98B1 /* NSObject+MJCoding.h */,
				89B67E651B144B74002D98B1 /* NSObject+MJCoding.m */,
				89B67E661B144B74002D98B1 /* NSObject+MJKeyValue.h */,
				89B67E671B144B74002D98B1 /* NSObject+MJKeyValue.m */,
				89B67E681B144B74002D98B1 /* NSObject+MJProperty.h */,
				89B67E691B144B74002D98B1 /* NSObject+MJProperty.m */,
				89B67E6A1B144B74002D98B1 /* NSString+MJExtension.h */,
				89B67E6B1B144B74002D98B1 /* NSString+MJExtension.m */,
			);
			path = MJExtension;
			sourceTree = "<group>";
		};
		89B67E741B144B8E002D98B1 /* CoreArchive */ = {
			isa = PBXGroup;
			children = (
				89B67E751B144B8E002D98B1 /* Category */,
				89B67E781B144B8E002D98B1 /* CoreArchive.h */,
				89B67E791B144B8E002D98B1 /* CoreArchive.m */,
			);
			path = CoreArchive;
			sourceTree = "<group>";
		};
		89B67E751B144B8E002D98B1 /* Category */ = {
			isa = PBXGroup;
			children = (
				89B67E761B144B8E002D98B1 /* NSString+ArcFile.h */,
				89B67E771B144B8E002D98B1 /* NSString+ArcFile.m */,
			);
			path = Category;
			sourceTree = "<group>";
		};
		89B67E7C1B144B9F002D98B1 /* CoreStatus */ = {
			isa = PBXGroup;
			children = (
				89B67E7D1B144B9F002D98B1 /* CoreStatus.h */,
				89B67E7E1B144B9F002D98B1 /* CoreStatus.m */,
				89B67E7F1B144B9F002D98B1 /* Reachability */,
			);
			path = CoreStatus;
			sourceTree = "<group>";
		};
		89B67E7F1B144B9F002D98B1 /* Reachability */ = {
			isa = PBXGroup;
			children = (
				89B67E801B144B9F002D98B1 /* Reachability.h */,
				89B67E811B144B9F002D98B1 /* Reachability.m */,
			);
			path = Reachability;
			sourceTree = "<group>";
		};
		89B67E841B144BBA002D98B1 /* CoreViewNetWorkStausManager */ = {
			isa = PBXGroup;
			children = (
				89B67E851B144BBA002D98B1 /* CoreViewNetWorkStausManager.h */,
				89B67E861B144BBA002D98B1 /* CoreViewNetWorkStausManager.m */,
				89B67E871B144BBA002D98B1 /* Lib */,
			);
			path = CoreViewNetWorkStausManager;
			sourceTree = "<group>";
		};
		89B67E871B144BBA002D98B1 /* Lib */ = {
			isa = PBXGroup;
			children = (
				89B67E881B144BBA002D98B1 /* CM.bundle */,
				89B67E891B144BBA002D98B1 /* CMView.h */,
				89B67E8A1B144BBA002D98B1 /* CMView.m */,
				89B67E8B1B144BBA002D98B1 /* CMView.xib */,
			);
			path = Lib;
			sourceTree = "<group>";
		};
		89B67E901B144BD8002D98B1 /* New Group */ = {
			isa = PBXGroup;
			children = (
				89B67E921B144BE8002D98B1 /* NewsList */,
				EE4A92A41ABBB94400F01A48 /* Main.storyboard */,
			);
			name = "New Group";
			sourceTree = "<group>";
		};
		89B67E921B144BE8002D98B1 /* NewsList */ = {
			isa = PBXGroup;
			children = (
				89B67E961B144C0A002D98B1 /* Model */,
				89B67E951B144C04002D98B1 /* View */,
				89B67E941B144BFE002D98B1 /* Controller */,
			);
			name = NewsList;
			sourceTree = "<group>";
		};
		89B67E941B144BFE002D98B1 /* Controller */ = {
			isa = PBXGroup;
			children = (
				89B67E971B144D8C002D98B1 /* NewsListTVC.h */,
				89B67E981B144D8C002D98B1 /* NewsListTVC.m */,
			);
			name = Controller;
			sourceTree = "<group>";
		};
		89B67E951B144C04002D98B1 /* View */ = {
			isa = PBXGroup;
			children = (
				89B67E9D1B144DF5002D98B1 /* NewsListCell.h */,
				89B67E9E1B144DF5002D98B1 /* NewsListCell.m */,
				89B67EA01B144EB7002D98B1 /* NewsListCell.xib */,
			);
			name = View;
			sourceTree = "<group>";
		};
		89B67E961B144C0A002D98B1 /* Model */ = {
			isa = PBXGroup;
			children = (
				89B67E9A1B144DCC002D98B1 /* NewsListModel.h */,
				89B67E9B1B144DCC002D98B1 /* NewsListModel.m */,
			);
			name = Model;
			sourceTree = "<group>";
		};
		D672E1C51AC1C5CC00F95030 /* pic */ = {
			isa = PBXGroup;
			children = (
				D672E1C61AC1C5CC00F95030 /* 1.png */,
				D672E1C71AC1C5CC00F95030 /* 2.png */,
				D672E1C81AC1C5CC00F95030 /* 3.png */,
				D672E1C91AC1C5CC00F95030 /* 4.png */,
			);
			path = pic;
			sourceTree = "<group>";
		};
		EE4A928E1ABBB94400F01A48 = {
			isa = PBXGroup;
			children = (
				EE4A92991ABBB94400F01A48 /* CorePagesView */,
				EE4A92B31ABBB94400F01A48 /* CorePagesViewTests */,
				EE4A92981ABBB94400F01A48 /* Products */,
			);
			sourceTree = "<group>";
		};
		EE4A92981ABBB94400F01A48 /* Products */ = {
			isa = PBXGroup;
			children = (
				EE4A92971ABBB94400F01A48 /* CorePagesView.app */,
				EE4A92B01ABBB94400F01A48 /* CorePagesViewTests.xctest */,
			);
			name = Products;
			sourceTree = "<group>";
		};
		EE4A92991ABBB94400F01A48 /* CorePagesView */ = {
			isa = PBXGroup;
			children = (
				EE4A92D31ABBBBA500F01A48 /* CorePagesView */,
				89B67CD31B142E15002D98B1 /* Frameworks */,
				EE4A929E1ABBB94400F01A48 /* AppDelegate.h */,
				EE4A929F1ABBB94400F01A48 /* AppDelegate.m */,
				EE4A92A11ABBB94400F01A48 /* ViewController.h */,
				EE4A92A21ABBB94400F01A48 /* ViewController.m */,
				89B67E901B144BD8002D98B1 /* New Group */,
				EE4A92A71ABBB94400F01A48 /* Images.xcassets */,
				EE4A92A91ABBB94400F01A48 /* LaunchScreen.xib */,
				EE4A929A1ABBB94400F01A48 /* Supporting Files */,
			);
			path = CorePagesView;
			sourceTree = "<group>";
		};
		EE4A929A1ABBB94400F01A48 /* Supporting Files */ = {
			isa = PBXGroup;
			children = (
				89BF37991B3E38410090F120 /* show2.gif */,
				D672E1C51AC1C5CC00F95030 /* pic */,
				EE4A929B1ABBB94400F01A48 /* Info.plist */,
				EE4A929C1ABBB94400F01A48 /* main.m */,
			);
			name = "Supporting Files";
			sourceTree = "<group>";
		};
		EE4A92B31ABBB94400F01A48 /* CorePagesViewTests */ = {
			isa = PBXGroup;
			children = (
				EE4A92B61ABBB94400F01A48 /* CorePagesViewTests.m */,
				EE4A92B41ABBB94400F01A48 /* Supporting Files */,
			);
			path = CorePagesViewTests;
			sourceTree = "<group>";
		};
		EE4A92B41ABBB94400F01A48 /* Supporting Files */ = {
			isa = PBXGroup;
			children = (
				EE4A92B51ABBB94400F01A48 /* Info.plist */,
			);
			name = "Supporting Files";
			sourceTree = "<group>";
		};
		EE4A92D31ABBBBA500F01A48 /* CorePagesView */ = {
			isa = PBXGroup;
			children = (
				EE6CB6A11ABC065D007F2E42 /* MainView */,
				EE6CB6A01ABC061B007F2E42 /* Config */,
				EE4A92D71ABBBBA500F01A48 /* Model */,
				EE4A92DA1ABBBBA500F01A48 /* View */,
				EE6CB6AA1ABC1479007F2E42 /* CateGory */,
			);
			path = CorePagesView;
			sourceTree = "<group>";
		};
		EE4A92D71ABBBBA500F01A48 /* Model */ = {
			isa = PBXGroup;
			children = (
				EE4A92D81ABBBBA500F01A48 /* CorePageModel.h */,
				EE4A92D91ABBBBA500F01A48 /* CorePageModel.m */,
			);
			path = Model;
			sourceTree = "<group>";
		};
		EE4A92DA1ABBBBA500F01A48 /* View */ = {
			isa = PBXGroup;
			children = (
				EE4A92DB1ABBBBA500F01A48 /* CorePagesBarView.h */,
				EE4A92DC1ABBBBA500F01A48 /* CorePagesBarView.m */,
				EE4A93191ABBFDD000F01A48 /* CorePagesBarBtn.h */,
				EE4A931A1ABBFDD000F01A48 /* CorePagesBarBtn.m */,
			);
			path = View;
			sourceTree = "<group>";
		};
		EE6CB6A01ABC061B007F2E42 /* Config */ = {
			isa = PBXGroup;
			children = (
				89BF37941B3E20D10090F120 /* CorePagesViewConfig.h */,
				89BF37951B3E20D10090F120 /* CorePagesViewConfig.m */,
			);
			path = Config;
			sourceTree = "<group>";
		};
		EE6CB6A11ABC065D007F2E42 /* MainView */ = {
			isa = PBXGroup;
			children = (
				EE6CB6A21ABC065D007F2E42 /* CorePagesView.h */,
				EE6CB6A31ABC065D007F2E42 /* CorePagesView.m */,
				EE6CB6A41ABC065D007F2E42 /* CorePagesView.xib */,
			);
			path = MainView;
			sourceTree = "<group>";
		};
		EE6CB6AA1ABC1479007F2E42 /* CateGory */ = {
			isa = PBXGroup;
			children = (
				EE6CB6AB1ABC14A6007F2E42 /* CAAnimation+PagesViewBarShake.h */,
				EE6CB6AC1ABC14A6007F2E42 /* CAAnimation+PagesViewBarShake.m */,
			);
			path = CateGory;
			sourceTree = "<group>";
		};
/* End PBXGroup section */

/* Begin PBXNativeTarget section */
		EE4A92961ABBB94400F01A48 /* CorePagesView */ = {
			isa = PBXNativeTarget;
			buildConfigurationList = EE4A92BA1ABBB94400F01A48 /* Build configuration list for PBXNativeTarget "CorePagesView" */;
			buildPhases = (
				EE4A92931ABBB94400F01A48 /* Sources */,
				EE4A92941ABBB94400F01A48 /* Frameworks */,
				EE4A92951ABBB94400F01A48 /* Resources */,
			);
			buildRules = (
			);
			dependencies = (
			);
			name = CorePagesView;
			productName = CorePagesView;
			productReference = EE4A92971ABBB94400F01A48 /* CorePagesView.app */;
			productType = "com.apple.product-type.application";
		};
		EE4A92AF1ABBB94400F01A48 /* CorePagesViewTests */ = {
			isa = PBXNativeTarget;
			buildConfigurationList = EE4A92BD1ABBB94400F01A48 /* Build configuration list for PBXNativeTarget "CorePagesViewTests" */;
			buildPhases = (
				EE4A92AC1ABBB94400F01A48 /* Sources */,
				EE4A92AD1ABBB94400F01A48 /* Frameworks */,
				EE4A92AE1ABBB94400F01A48 /* Resources */,
			);
			buildRules = (
			);
			dependencies = (
				EE4A92B21ABBB94400F01A48 /* PBXTargetDependency */,
			);
			name = CorePagesViewTests;
			productName = CorePagesViewTests;
			productReference = EE4A92B01ABBB94400F01A48 /* CorePagesViewTests.xctest */;
			productType = "com.apple.product-type.bundle.unit-test";
		};
/* End PBXNativeTarget section */

/* Begin PBXProject section */
		EE4A928F1ABBB94400F01A48 /* Project object */ = {
			isa = PBXProject;
			attributes = {
				LastUpgradeCheck = 0610;
				ORGANIZATIONNAME = muxi;
				TargetAttributes = {
					EE4A92961ABBB94400F01A48 = {
						CreatedOnToolsVersion = 6.1.1;
					};
					EE4A92AF1ABBB94400F01A48 = {
						CreatedOnToolsVersion = 6.1.1;
						TestTargetID = EE4A92961ABBB94400F01A48;
					};
				};
			};
			buildConfigurationList = EE4A92921ABBB94400F01A48 /* Build configuration list for PBXProject "CorePagesView" */;
			compatibilityVersion = "Xcode 3.2";
			developmentRegion = English;
			hasScannedForEncodings = 0;
			knownRegions = (
				en,
				Base,
			);
			mainGroup = EE4A928E1ABBB94400F01A48;
			productRefGroup = EE4A92981ABBB94400F01A48 /* Products */;
			projectDirPath = "";
			projectRoot = "";
			targets = (
				EE4A92961ABBB94400F01A48 /* CorePagesView */,
				EE4A92AF1ABBB94400F01A48 /* CorePagesViewTests */,
			);
		};
/* End PBXProject section */

/* Begin PBXResourcesBuildPhase section */
		EE4A92951ABBB94400F01A48 /* Resources */ = {
			isa = PBXResourcesBuildPhase;
			buildActionMask = 2147483647;
			files = (
				89BF379A1B3E38410090F120 /* show2.gif in Resources */,
				89B67CEE1B142FE0002D98B1 /* CoreFooterView.xib in Resources */,
				89B67CF01B142FE0002D98B1 /* CoreHeaderShowView.xib in Resources */,
				89B67CF41B142FE0002D98B1 /* CoreRefreshResource.bundle in Resources */,
				89B67E8D1B144BBA002D98B1 /* CM.bundle in Resources */,
				D672E1CB1AC1C5CC00F95030 /* 2.png in Resources */,
				EE4A92A61ABBB94400F01A48 /* Main.storyboard in Resources */,
				EE4A92AB1ABBB94400F01A48 /* LaunchScreen.xib in Resources */,
				EE6CB6A61ABC065D007F2E42 /* CorePagesView.xib in Resources */,
				D672E1CD1AC1C5CC00F95030 /* 4.png in Resources */,
				89B67CF21B142FE0002D98B1 /* CoreHeaderView.xib in Resources */,
				89B67EA11B144EB7002D98B1 /* NewsListCell.xib in Resources */,
				EE4A92A81ABBB94400F01A48 /* Images.xcassets in Resources */,
				89B67E8F1B144BBA002D98B1 /* CMView.xib in Resources */,
				89B67E3D1B144B3E002D98B1 /* CoreList.bundle in Resources */,
				D672E1CC1AC1C5CC00F95030 /* 3.png in Resources */,
				D672E1CA1AC1C5CC00F95030 /* 1.png in Resources */,
			);
			runOnlyForDeploymentPostprocessing = 0;
		};
		EE4A92AE1ABBB94400F01A48 /* Resources */ = {
			isa = PBXResourcesBuildPhase;
			buildActionMask = 2147483647;
			files = (
			);
			runOnlyForDeploymentPostprocessing = 0;
		};
/* End PBXResourcesBuildPhase section */

/* Begin PBXSourcesBuildPhase section */
		EE4A92931ABBB94400F01A48 /* Sources */ = {
			isa = PBXSourcesBuildPhase;
			buildActionMask = 2147483647;
			files = (
				89BF37961B3E20D10090F120 /* CorePagesViewConfig.m in Sources */,
				89B67E821B144B9F002D98B1 /* CoreStatus.m in Sources */,
				89B67E8E1B144BBA002D98B1 /* CMView.m in Sources */,
				89B67E561B144B60002D98B1 /* NSData+Param.m in Sources */,
				89B67CEC1B142FE0002D98B1 /* CAAnimation+CoreRefresh.m in Sources */,
				EE4A92E01ABBBBA500F01A48 /* CorePagesBarView.m in Sources */,
				89B67E3F1B144B3E002D98B1 /* LCCell.m in Sources */,
				89B67E731B144B74002D98B1 /* NSString+MJExtension.m in Sources */,
				89B67CED1B142FE0002D98B1 /* CoreFooterView.m in Sources */,
				89B67E3E1B144B3E002D98B1 /* CoreLCVC.m in Sources */,
				89B67E581B144B60002D98B1 /* NSURL+File.m in Sources */,
				89B67E7A1B144B8E002D98B1 /* NSString+ArcFile.m in Sources */,
				89B67E721B144B74002D98B1 /* NSObject+MJProperty.m in Sources */,
				89B67CF61B142FE0002D98B1 /* UIScrollView+MJExtension.m in Sources */,
				89B67E6D1B144B74002D98B1 /* MJFoundation.m in Sources */,
				EE4A92A31ABBB94400F01A48 /* ViewController.m in Sources */,
				89B67E3C1B144B3E002D98B1 /* LTConfigModel.m in Sources */,
				89B67E531B144B60002D98B1 /* CoreHttp.m in Sources */,
				89B67E3A1B144B3E002D98B1 /* CoreListVC.m in Sources */,
				89B67E411B144B3E002D98B1 /* LTCell.m in Sources */,
				EE4A92A01ABBB94400F01A48 /* AppDelegate.m in Sources */,
				89B67E9C1B144DCC002D98B1 /* NewsListModel.m in Sources */,
				89B67E6C1B144B74002D98B1 /* MJConst.m in Sources */,
				EE4A929D1ABBB94400F01A48 /* main.m in Sources */,
				89B67CF11B142FE0002D98B1 /* CoreHeaderView.m in Sources */,
				89B67E401B144B3E002D98B1 /* CoreLTVC.m in Sources */,
				89B67E3B1B144B3E002D98B1 /* CoreListCommonModel.m in Sources */,
				89B67E551B144B60002D98B1 /* NSData+MimeType.m in Sources */,
				EE4A931B1ABBFDD000F01A48 /* CorePagesBarBtn.m in Sources */,
				89B67CF31B142FE0002D98B1 /* CoreRefreshConst.m in Sources */,
				EE6CB6A51ABC065D007F2E42 /* CorePagesView.m in Sources */,
				89B67CF71B142FE0002D98B1 /* UIScrollView+Refresh.m in Sources */,
				89B67E591B144B60002D98B1 /* UploadFile.m in Sources */,
				89B67E711B144B74002D98B1 /* NSObject+MJKeyValue.m in Sources */,
				89B67E8C1B144BBA002D98B1 /* CoreViewNetWorkStausManager.m in Sources */,
				89B67CEF1B142FE0002D98B1 /* CoreHeaderShowView.m in Sources */,
				89B67E831B144B9F002D98B1 /* Reachability.m in Sources */,
				89B67CF81B142FE0002D98B1 /* UIView+MJExtension.m in Sources */,
				EE4A92DF1ABBBBA500F01A48 /* CorePageModel.m in Sources */,
				89B67E6E1B144B74002D98B1 /* MJProperty.m in Sources */,
				89B67E9F1B144DF6002D98B1 /* NewsListCell.m in Sources */,
				89B67E6F1B144B74002D98B1 /* MJType.m in Sources */,
				89B67E571B144B60002D98B1 /* NSString+File.m in Sources */,
				89B67E701B144B74002D98B1 /* NSObject+MJCoding.m in Sources */,
				89B67E991B144D8C002D98B1 /* NewsListTVC.m in Sources */,
				EE6CB6AD1ABC14A6007F2E42 /* CAAnimation+PagesViewBarShake.m in Sources */,
				89B67E7B1B144B8E002D98B1 /* CoreArchive.m in Sources */,
				89B67E541B144B60002D98B1 /* NSString+CoreHttp.m in Sources */,
				89B67CF51B142FE0002D98B1 /* CoreRefreshView.m in Sources */,
			);
			runOnlyForDeploymentPostprocessing = 0;
		};
		EE4A92AC1ABBB94400F01A48 /* Sources */ = {
			isa = PBXSourcesBuildPhase;
			buildActionMask = 2147483647;
			files = (
				EE4A92B71ABBB94400F01A48 /* CorePagesViewTests.m in Sources */,
			);
			runOnlyForDeploymentPostprocessing = 0;
		};
/* End PBXSourcesBuildPhase section */

/* Begin PBXTargetDependency section */
		EE4A92B21ABBB94400F01A48 /* PBXTargetDependency */ = {
			isa = PBXTargetDependency;
			target = EE4A92961ABBB94400F01A48 /* CorePagesView */;
			targetProxy = EE4A92B11ABBB94400F01A48 /* PBXContainerItemProxy */;
		};
/* End PBXTargetDependency section */

/* Begin PBXVariantGroup section */
		EE4A92A41ABBB94400F01A48 /* Main.storyboard */ = {
			isa = PBXVariantGroup;
			children = (
				EE4A92A51ABBB94400F01A48 /* Base */,
			);
			name = Main.storyboard;
			sourceTree = "<group>";
		};
		EE4A92A91ABBB94400F01A48 /* LaunchScreen.xib */ = {
			isa = PBXVariantGroup;
			children = (
				EE4A92AA1ABBB94400F01A48 /* Base */,
			);
			name = LaunchScreen.xib;
			sourceTree = "<group>";
		};
/* End PBXVariantGroup section */

/* Begin XCBuildConfiguration section */
		EE4A92B81ABBB94400F01A48 /* Debug */ = {
			isa = XCBuildConfiguration;
			buildSettings = {
				ALWAYS_SEARCH_USER_PATHS = NO;
				CLANG_CXX_LANGUAGE_STANDARD = "gnu++0x";
				CLANG_CXX_LIBRARY = "libc++";
				CLANG_ENABLE_MODULES = YES;
				CLANG_ENABLE_OBJC_ARC = YES;
				CLANG_WARN_BOOL_CONVERSION = YES;
				CLANG_WARN_CONSTANT_CONVERSION = YES;
				CLANG_WARN_DIRECT_OBJC_ISA_USAGE = YES_ERROR;
				CLANG_WARN_EMPTY_BODY = YES;
				CLANG_WARN_ENUM_CONVERSION = YES;
				CLANG_WARN_INT_CONVERSION = YES;
				CLANG_WARN_OBJC_ROOT_CLASS = YES_ERROR;
				CLANG_WARN_UNREACHABLE_CODE = YES;
				CLANG_WARN__DUPLICATE_METHOD_MATCH = YES;
				CODE_SIGN_IDENTITY = "iPhone Developer";
				"CODE_SIGN_IDENTITY[sdk=iphoneos*]" = "iPhone Developer";
				COPY_PHASE_STRIP = NO;
				ENABLE_STRICT_OBJC_MSGSEND = YES;
				GCC_C_LANGUAGE_STANDARD = gnu99;
				GCC_DYNAMIC_NO_PIC = NO;
				GCC_OPTIMIZATION_LEVEL = 0;
				GCC_PREPROCESSOR_DEFINITIONS = (
					"DEBUG=1",
					"$(inherited)",
				);
				GCC_SYMBOLS_PRIVATE_EXTERN = NO;
				GCC_WARN_64_TO_32_BIT_CONVERSION = YES;
				GCC_WARN_ABOUT_RETURN_TYPE = YES_ERROR;
				GCC_WARN_UNDECLARED_SELECTOR = YES;
				GCC_WARN_UNINITIALIZED_AUTOS = YES_AGGRESSIVE;
				GCC_WARN_UNUSED_FUNCTION = YES;
				GCC_WARN_UNUSED_VARIABLE = YES;
				IPHONEOS_DEPLOYMENT_TARGET = 8.1;
				MTL_ENABLE_DEBUG_INFO = YES;
				ONLY_ACTIVE_ARCH = YES;
				SDKROOT = iphoneos;
			};
			name = Debug;
		};
		EE4A92B91ABBB94400F01A48 /* Release */ = {
			isa = XCBuildConfiguration;
			buildSettings = {
				ALWAYS_SEARCH_USER_PATHS = NO;
				CLANG_CXX_LANGUAGE_STANDARD = "gnu++0x";
				CLANG_CXX_LIBRARY = "libc++";
				CLANG_ENABLE_MODULES = YES;
				CLANG_ENABLE_OBJC_ARC = YES;
				CLANG_WARN_BOOL_CONVERSION = YES;
				CLANG_WARN_CONSTANT_CONVERSION = YES;
				CLANG_WARN_DIRECT_OBJC_ISA_USAGE = YES_ERROR;
				CLANG_WARN_EMPTY_BODY = YES;
				CLANG_WARN_ENUM_CONVERSION = YES;
				CLANG_WARN_INT_CONVERSION = YES;
				CLANG_WARN_OBJC_ROOT_CLASS = YES_ERROR;
				CLANG_WARN_UNREACHABLE_CODE = YES;
				CLANG_WARN__DUPLICATE_METHOD_MATCH = YES;
				CODE_SIGN_IDENTITY = "iPhone Developer";
				"CODE_SIGN_IDENTITY[sdk=iphoneos*]" = "iPhone Developer";
				COPY_PHASE_STRIP = YES;
				ENABLE_NS_ASSERTIONS = NO;
				ENABLE_STRICT_OBJC_MSGSEND = YES;
				GCC_C_LANGUAGE_STANDARD = gnu99;
				GCC_WARN_64_TO_32_BIT_CONVERSION = YES;
				GCC_WARN_ABOUT_RETURN_TYPE = YES_ERROR;
				GCC_WARN_UNDECLARED_SELECTOR = YES;
				GCC_WARN_UNINITIALIZED_AUTOS = YES_AGGRESSIVE;
				GCC_WARN_UNUSED_FUNCTION = YES;
				GCC_WARN_UNUSED_VARIABLE = YES;
				IPHONEOS_DEPLOYMENT_TARGET = 8.1;
				MTL_ENABLE_DEBUG_INFO = NO;
				SDKROOT = iphoneos;
				VALIDATE_PRODUCT = YES;
			};
			name = Release;
		};
		EE4A92BB1ABBB94400F01A48 /* Debug */ = {
			isa = XCBuildConfiguration;
			buildSettings = {
				ASSETCATALOG_COMPILER_APPICON_NAME = AppIcon;
				ASSETCATALOG_COMPILER_LAUNCHIMAGE_NAME = LaunchImage;
				INFOPLIST_FILE = CorePagesView/Info.plist;
				IPHONEOS_DEPLOYMENT_TARGET = 6.1;
				LD_RUNPATH_SEARCH_PATHS = "$(inherited) @executable_path/Frameworks";
				PRODUCT_NAME = "$(TARGET_NAME)";
			};
			name = Debug;
		};
		EE4A92BC1ABBB94400F01A48 /* Release */ = {
			isa = XCBuildConfiguration;
			buildSettings = {
				ASSETCATALOG_COMPILER_APPICON_NAME = AppIcon;
				ASSETCATALOG_COMPILER_LAUNCHIMAGE_NAME = LaunchImage;
				"CODE_SIGN_IDENTITY[sdk=iphoneos*]" = "iPhone Developer";
				INFOPLIST_FILE = CorePagesView/Info.plist;
				IPHONEOS_DEPLOYMENT_TARGET = 6.1;
				LD_RUNPATH_SEARCH_PATHS = "$(inherited) @executable_path/Frameworks";
				PRODUCT_NAME = "$(TARGET_NAME)";
			};
			name = Release;
		};
		EE4A92BE1ABBB94400F01A48 /* Debug */ = {
			isa = XCBuildConfiguration;
			buildSettings = {
				BUNDLE_LOADER = "$(TEST_HOST)";
				FRAMEWORK_SEARCH_PATHS = (
					"$(SDKROOT)/Developer/Library/Frameworks",
					"$(inherited)",
				);
				GCC_PREPROCESSOR_DEFINITIONS = (
					"DEBUG=1",
					"$(inherited)",
				);
				INFOPLIST_FILE = CorePagesViewTests/Info.plist;
				LD_RUNPATH_SEARCH_PATHS = "$(inherited) @executable_path/Frameworks @loader_path/Frameworks";
				PRODUCT_NAME = "$(TARGET_NAME)";
				TEST_HOST = "$(BUILT_PRODUCTS_DIR)/CorePagesView.app/CorePagesView";
			};
			name = Debug;
		};
		EE4A92BF1ABBB94400F01A48 /* Release */ = {
			isa = XCBuildConfiguration;
			buildSettings = {
				BUNDLE_LOADER = "$(TEST_HOST)";
				FRAMEWORK_SEARCH_PATHS = (
					"$(SDKROOT)/Developer/Library/Frameworks",
					"$(inherited)",
				);
				INFOPLIST_FILE = CorePagesViewTests/Info.plist;
				LD_RUNPATH_SEARCH_PATHS = "$(inherited) @executable_path/Frameworks @loader_path/Frameworks";
				PRODUCT_NAME = "$(TARGET_NAME)";
				TEST_HOST = "$(BUILT_PRODUCTS_DIR)/CorePagesView.app/CorePagesView";
			};
			name = Release;
		};
/* End XCBuildConfiguration section */

/* Begin XCConfigurationList section */
		EE4A92921ABBB94400F01A48 /* Build configuration list for PBXProject "CorePagesView" */ = {
			isa = XCConfigurationList;
			buildConfigurations = (
				EE4A92B81ABBB94400F01A48 /* Debug */,
				EE4A92B91ABBB94400F01A48 /* Release */,
			);
			defaultConfigurationIsVisible = 0;
			defaultConfigurationName = Release;
		};
		EE4A92BA1ABBB94400F01A48 /* Build configuration list for PBXNativeTarget "CorePagesView" */ = {
			isa = XCConfigurationList;
			buildConfigurations = (
				EE4A92BB1ABBB94400F01A48 /* Debug */,
				EE4A92BC1ABBB94400F01A48 /* Release */,
			);
			defaultConfigurationIsVisible = 0;
			defaultConfigurationName = Release;
		};
		EE4A92BD1ABBB94400F01A48 /* Build configuration list for PBXNativeTarget "CorePagesViewTests" */ = {
			isa = XCConfigurationList;
			buildConfigurations = (
				EE4A92BE1ABBB94400F01A48 /* Debug */,
				EE4A92BF1ABBB94400F01A48 /* Release */,
			);
			defaultConfigurationIsVisible = 0;
			defaultConfigurationName = Release;
		};
/* End XCConfigurationList section */
	};
	rootObject = EE4A928F1ABBB94400F01A48 /* Project object */;
}
